lockfileVersion: '6.0'

settings:
  autoInstallPeers: true
  excludeLinksFromLockfile: false

dependencies:
  '@fullcalendar/daygrid':
    specifier: ^6.1.10
    version: 6.1.10(@fullcalendar/core@6.1.10)
  '@fullcalendar/react':
    specifier: ^6.1.10
    version: 6.1.10(@fullcalendar/core@6.1.10)(react-dom@18.2.0)(react@18.2.0)
  '@fullcalendar/timegrid':
    specifier: ^6.1.10
    version: 6.1.10(@fullcalendar/core@6.1.10)

packages:

  /@fullcalendar/core@6.1.10:
    resolution: {integrity: sha512-oTXGJSAGpCf1oY+CKp5qYjMHkJCPBkJ3SHitl63n8Q6xKeiwQ4EF6Au451euUovREwJpLmD1AyZrCnWmtB9AVg==}
    dependencies:
      preact: 10.12.1
    dev: false

  /@fullcalendar/daygrid@6.1.10(@fullcalendar/core@6.1.10):
    resolution: {integrity: sha512-Z4GRm1IyHKgxXFTWGcEI0nTsvYOIkpE0aMt3/o3ER2SZkF+hfwcDFhtj0c9+WhMjXFIWYeoTnA9rUOY7Zl/nxA==}
    peerDependencies:
      '@fullcalendar/core': ~6.1.10
    dependencies:
      '@fullcalendar/core': 6.1.10
    dev: false

  /@fullcalendar/react@6.1.10(@fullcalendar/core@6.1.10)(react-dom@18.2.0)(react@18.2.0):
    resolution: {integrity: sha512-RVYevo5T4RUZzR8omlbnBwRCqVNJWKryzI0ZrFULyqIYggN6uPmMuB9GvbrTjDfKhsm438KQwwhJerg2lGh3xA==}
    peerDependencies:
      '@fullcalendar/core': ~6.1.10
      react: ^16.7.0 || ^17 || ^18
      react-dom: ^16.7.0 || ^17 || ^18
    dependencies:
      '@fullcalendar/core': 6.1.10
      react: 18.2.0
      react-dom: 18.2.0(react@18.2.0)
    dev: false

  /@fullcalendar/timegrid@6.1.10(@fullcalendar/core@6.1.10):
    resolution: {integrity: sha512-hFKyQXJaPbNyq1reZmvkCmM64O99krHoIcJAbDS+dntCm3FzZUcDtAcRKIbMiantHrezCG/1MEYk3m9e3aKvIQ==}
    peerDependencies:
      '@fullcalendar/core': ~6.1.10
    dependencies:
      '@fullcalendar/core': 6.1.10
      '@fullcalendar/daygrid': 6.1.10(@fullcalendar/core@6.1.10)
    dev: false

  /js-tokens@4.0.0:
    resolution: {integrity: sha512-RdJUflcE3cUzKiMqQgsCu06FPu9UdIJO0beYbPhHN4k6apgJtifcoCtT9bcxOpYBtpD2kCM6Sbzg4CausW/PKQ==}
    dev: false

  /loose-envify@1.4.0:
    resolution: {integrity: sha512-lyuxPGr/Wfhrlem2CL/UcnUc1zcqKAImBDzukY7Y5F/yQiNdko6+fRLevlw1HgMySw7f611UIY408EtxRSoK3Q==}
    hasBin: true
    dependencies:
      js-tokens: 4.0.0
    dev: false

  /preact@10.12.1:
    resolution: {integrity: sha512-l8386ixSsBdbreOAkqtrwqHwdvR35ID8c3rKPa8lCWuO86dBi32QWHV4vfsZK1utLLFMvw+Z5Ad4XLkZzchscg==}
    dev: false

  /react-dom@18.2.0(react@18.2.0):
    resolution: {integrity: sha512-6IMTriUmvsjHUjNtEDudZfuDQUoWXVxKHhlEGSk81n4YFS+r/Kl99wXiwlVXtPBtJenozv2P+hxDsw9eA7Xo6g==}
    peerDependencies:
      react: ^18.2.0
    dependencies:
      loose-envify: 1.4.0
      react: 18.2.0
      scheduler: 0.23.0
    dev: false

  /react@18.2.0:
    resolution: {integrity: sha512-/3IjMdb2L9QbBdWiW5e3P2/npwMBaU9mHCSCUzNln0ZCYbcfTsGbTJrU/kGemdH2IWmB2ioZ+zkxtmq6g09fGQ==}
    engines: {node: '>=0.10.0'}
    dependencies:
      loose-envify: 1.4.0
    dev: false

  /scheduler@0.23.0:
    resolution: {integrity: sha512-CtuThmgHNg7zIZWAXi3AsyIzA3n4xx7aNyjwC2VJldO2LMVDhFK+63xGqq6CsJH4rTAt6/M+N4GhZiDYPx9eUw==}
    dependencies:
      loose-envify: 1.4.0
    dev: false
